// !$*UTF8*$!
{
	archiveVersion = 1;
	classes = {
	};
	objectVersion = 56;
	objects = {

/* Begin PBXBuildFile section */
		AC07C10029AA446F00B42A3D /* editViewController.swift in Sources */ = {isa = PBXBuildFile; fileRef = AC07C0FF29AA446F00B42A3D /* editViewController.swift */; };
		AC20C76529A6582E00120F0F /* AppDelegate.swift in Sources */ = {isa = PBXBuildFile; fileRef = AC20C76429A6582E00120F0F /* AppDelegate.swift */; };
		AC20C76729A6582E00120F0F /* SceneDelegate.swift in Sources */ = {isa = PBXBuildFile; fileRef = AC20C76629A6582E00120F0F /* SceneDelegate.swift */; };
		AC20C76929A6582E00120F0F /* ViewController.swift in Sources */ = {isa = PBXBuildFile; fileRef = AC20C76829A6582E00120F0F /* ViewController.swift */; };
		AC20C76C29A6582E00120F0F /* Main.storyboard in Resources */ = {isa = PBXBuildFile; fileRef = AC20C76A29A6582E00120F0F /* Main.storyboard */; };
		AC20C76E29A6583000120F0F /* Assets.xcassets in Resources */ = {isa = PBXBuildFile; fileRef = AC20C76D29A6583000120F0F /* Assets.xcassets */; };
		AC20C77129A6583000120F0F /* LaunchScreen.storyboard in Resources */ = {isa = PBXBuildFile; fileRef = AC20C76F29A6583000120F0F /* LaunchScreen.storyboard */; };
		AC20C77A29A658D300120F0F /* Realm in Frameworks */ = {isa = PBXBuildFile; productRef = AC20C77929A658D300120F0F /* Realm */; };
		AC20C77C29A658D300120F0F /* RealmSwift in Frameworks */ = {isa = PBXBuildFile; productRef = AC20C77B29A658D300120F0F /* RealmSwift */; };
		AC20C77E29A66A0C00120F0F /* TodoItem.swift in Sources */ = {isa = PBXBuildFile; fileRef = AC20C77D29A66A0C00120F0F /* TodoItem.swift */; };
		AC20C78129A66D7C00120F0F /* ItemTableViewCell.swift in Sources */ = {isa = PBXBuildFile; fileRef = AC20C77F29A66D7C00120F0F /* ItemTableViewCell.swift */; };
		AC20C78229A66D7C00120F0F /* ItemTableViewCell.xib in Resources */ = {isa = PBXBuildFile; fileRef = AC20C78029A66D7C00120F0F /* ItemTableViewCell.xib */; };
		AC20C78429A679B500120F0F /* NewTodoViewController.swift in Sources */ = {isa = PBXBuildFile; fileRef = AC20C78329A679B500120F0F /* NewTodoViewController.swift */; };
/* End PBXBuildFile section */

/* Begin PBXFileReference section */
		AC07C0FF29AA446F00B42A3D /* editViewController.swift */ = {isa = PBXFileReference; lastKnownFileType = sourcecode.swift; path = editViewController.swift; sourceTree = "<group>"; };
		AC20C76129A6582E00120F0F /* Todo.app */ = {isa = PBXFileReference; explicitFileType = wrapper.application; includeInIndex = 0; path = Todo.app; sourceTree = BUILT_PRODUCTS_DIR; };
		AC20C76429A6582E00120F0F /* AppDelegate.swift */ = {isa = PBXFileReference; lastKnownFileType = sourcecode.swift; path = AppDelegate.swift; sourceTree = "<group>"; };
		AC20C76629A6582E00120F0F /* SceneDelegate.swift */ = {isa = PBXFileReference; lastKnownFileType = sourcecode.swift; path = SceneDelegate.swift; sourceTree = "<group>"; };
		AC20C76829A6582E00120F0F /* ViewController.swift */ = {isa = PBXFileReference; lastKnownFileType = sourcecode.swift; path = ViewController.swift; sourceTree = "<group>"; };
		AC20C76B29A6582E00120F0F /* Base */ = {isa = PBXFileReference; lastKnownFileType = file.storyboard; name = Base; path = Base.lproj/Main.storyboard; sourceTree = "<group>"; };
		AC20C76D29A6583000120F0F /* Assets.xcassets */ = {isa = PBXFileReference; lastKnownFileType = folder.assetcatalog; path = Assets.xcassets; sourceTree = "<group>"; };
		AC20C77029A6583000120F0F /* Base */ = {isa = PBXFileReference; lastKnownFileType = file.storyboard; name = Base; path = Base.lproj/LaunchScreen.storyboard; sourceTree = "<group>"; };
		AC20C77229A6583000120F0F /* Info.plist */ = {isa = PBXFileReference; lastKnownFileType = text.plist.xml; path = Info.plist; sourceTree = "<group>"; };
		AC20C77D29A66A0C00120F0F /* TodoItem.swift */ = {isa = PBXFileReference; lastKnownFileType = sourcecode.swift; path = TodoItem.swift; sourceTree = "<group>"; };
		AC20C77F29A66D7C00120F0F /* ItemTableViewCell.swift */ = {isa = PBXFileReference; lastKnownFileType = sourcecode.swift; path = ItemTableViewCell.swift; sourceTree = "<group>"; };
		AC20C78029A66D7C00120F0F /* ItemTableViewCell.xib */ = {isa = PBXFileReference; lastKnownFileType = file.xib; path = ItemTableViewCell.xib; sourceTree = "<group>"; };
		AC20C78329A679B500120F0F /* NewTodoViewController.swift */ = {isa = PBXFileReference; lastKnownFileType = sourcecode.swift; path = NewTodoViewController.swift; sourceTree = "<group>"; };
/* End PBXFileReference section */

/* Begin PBXFrameworksBuildPhase section */
		AC20C75E29A6582E00120F0F /* Frameworks */ = {
			isa = PBXFrameworksBuildPhase;
			buildActionMask = 2147483647;
			files = (
				AC20C77C29A658D300120F0F /* RealmSwift in Frameworks */,
				AC20C77A29A658D300120F0F /* Realm in Frameworks */,
			);
			runOnlyForDeploymentPostprocessing = 0;
		};
/* End PBXFrameworksBuildPhase section */

/* Begin PBXGroup section */
		AC20C75829A6582E00120F0F = {
			isa = PBXGroup;
			children = (
				AC20C76329A6582E00120F0F /* Todo */,
				AC20C76229A6582E00120F0F /* Products */,
			);
			sourceTree = "<group>";
		};
		AC20C76229A6582E00120F0F /* Products */ = {
			isa = PBXGroup;
			children = (
				AC20C76129A6582E00120F0F /* Todo.app */,
			);
			name = Products;
			sourceTree = "<group>";
		};
		AC20C76329A6582E00120F0F /* Todo */ = {
			isa = PBXGroup;
			children = (
				AC20C76429A6582E00120F0F /* AppDelegate.swift */,
				AC20C76629A6582E00120F0F /* SceneDelegate.swift */,
				AC20C76829A6582E00120F0F /* ViewController.swift */,
				AC20C76A29A6582E00120F0F /* Main.storyboard */,
				AC20C76D29A6583000120F0F /* Assets.xcassets */,
				AC20C76F29A6583000120F0F /* LaunchScreen.storyboard */,
				AC20C77229A6583000120F0F /* Info.plist */,
				AC20C77D29A66A0C00120F0F /* TodoItem.swift */,
				AC20C77F29A66D7C00120F0F /* ItemTableViewCell.swift */,
				AC20C78029A66D7C00120F0F /* ItemTableViewCell.xib */,
				AC20C78329A679B500120F0F /* NewTodoViewController.swift */,
				AC07C0FF29AA446F00B42A3D /* editViewController.swift */,
			);
			path = Todo;
			sourceTree = "<group>";
		};
/* End PBXGroup section */

/* Begin PBXNativeTarget section */
		AC20C76029A6582E00120F0F /* Todo */ = {
			isa = PBXNativeTarget;
			buildConfigurationList = AC20C77529A6583000120F0F /* Build configuration list for PBXNativeTarget "Todo" */;
			buildPhases = (
				AC20C75D29A6582E00120F0F /* Sources */,
				AC20C75E29A6582E00120F0F /* Frameworks */,
				AC20C75F29A6582E00120F0F /* Resources */,
			);
			buildRules = (
			);
			dependencies = (
			);
			name = Todo;
			packageProductDependencies = (
				AC20C77929A658D300120F0F /* Realm */,
				AC20C77B29A658D300120F0F /* RealmSwift */,
			);
			productName = Todo;
			productReference = AC20C76129A6582E00120F0F /* Todo.app */;
			productType = "com.apple.product-type.application";
		};
/* End PBXNativeTarget section */

/* Begin PBXProject section */
		AC20C75929A6582E00120F0F /* Project object */ = {
			isa = PBXProject;
			attributes = {
				BuildIndependentTargetsInParallel = 1;
				LastSwiftUpdateCheck = 1420;
				LastUpgradeCheck = 1420;
				TargetAttributes = {
					AC20C76029A6582E00120F0F = {
						CreatedOnToolsVersion = 14.2;
					};
				};
			};
			buildConfigurationList = AC20C75C29A6582E00120F0F /* Build configuration list for PBXProject "Todo" */;
			compatibilityVersion = "Xcode 14.0";
			developmentRegion = en;
			hasScannedForEncodings = 0;
			knownRegions = (
				en,
				Base,
			);
			mainGroup = AC20C75829A6582E00120F0F;
			packageReferences = (
				AC20C77829A658D300120F0F /* XCRemoteSwiftPackageReference "realm-swift" */,
			);
			productRefGroup = AC20C76229A6582E00120F0F /* Products */;
			projectDirPath = "";
			projectRoot = "";
			targets = (
				AC20C76029A6582E00120F0F /* Todo */,
			);
		};
/* End PBXProject section */

/* Begin PBXResourcesBuildPhase section */
		AC20C75F29A6582E00120F0F /* Resources */ = {
			isa = PBXResourcesBuildPhase;
			buildActionMask = 2147483647;
			files = (
				AC20C78229A66D7C00120F0F /* ItemTableViewCell.xib in Resources */,
				AC20C77129A6583000120F0F /* LaunchScreen.storyboard in Resources */,
				AC20C76E29A6583000120F0F /* Assets.xcassets in Resources */,
				AC20C76C29A6582E00120F0F /* Main.storyboard in Resources */,
			);
			runOnlyForDeploymentPostprocessing = 0;
		};
/* End PBXResourcesBuildPhase section */

/* Begin PBXSourcesBuildPhase section */
		AC20C75D29A6582E00120F0F /* Sources */ = {
			isa = PBXSourcesBuildPhase;
			buildActionMask = 2147483647;
			files = (
				AC20C76929A6582E00120F0F /* ViewController.swift in Sources */,
				AC07C10029AA446F00B42A3D /* editViewController.swift in Sources */,
				AC20C78429A679B500120F0F /* NewTodoViewController.swift in Sources */,
				AC20C76529A6582E00120F0F /* AppDelegate.swift in Sources */,
				AC20C78129A66D7C00120F0F /* ItemTableViewCell.swift in Sources */,
				AC20C77E29A66A0C00120F0F /* TodoItem.swift in Sources */,
				AC20C76729A6582E00120F0F /* SceneDelegate.swift in Sources */,
			);
			runOnlyForDeploymentPostprocessing = 0;
		};
/* End PBXSourcesBuildPhase section */

/* Begin PBXVariantGroup section */
		AC20C76A29A6582E00120F0F /* Main.storyboard */ = {
			isa = PBXVariantGroup;
			children = (
				AC20C76B29A6582E00120F0F /* Base */,
			);
			name = Main.storyboard;
			sourceTree = "<group>";
		};
		AC20C76F29A6583000120F0F /* LaunchScreen.storyboard */ = {
			isa = PBXVariantGroup;
			children = (
				AC20C77029A6583000120F0F /* Base */,
			);
			name = LaunchScreen.storyboard;
			sourceTree = "<group>";
		};
/* End PBXVariantGroup section */

/* Begin XCBuildConfiguration section */
		AC20C77329A6583000120F0F /* Debug */ = {
			isa = XCBuildConfiguration;
			buildSettings = {
				ALWAYS_SEARCH_USER_PATHS = NO;
				CLANG_ANALYZER_NONNULL = YES;
				CLANG_ANALYZER_NUMBER_OBJECT_CONVERSION = YES_AGGRESSIVE;
				CLANG_CXX_LANGUAGE_STANDARD = "gnu++20";
				CLANG_ENABLE_MODULES = YES;
				CLANG_ENABLE_OBJC_ARC = YES;
				CLANG_ENABLE_OBJC_WEAK = YES;
				CLANG_WARN_BLOCK_CAPTURE_AUTORELEASING = YES;
				CLANG_WARN_BOOL_CONVERSION = YES;
				CLANG_WARN_COMMA = YES;
				CLANG_WARN_CONSTANT_CONVERSION = YES;
				CLANG_WARN_DEPRECATED_OBJC_IMPLEMENTATIONS = YES;
				CLANG_WARN_DIRECT_OBJC_ISA_USAGE = YES_ERROR;
				CLANG_WARN_DOCUMENTATION_COMMENTS = YES;
				CLANG_WARN_EMPTY_BODY = YES;
				CLANG_WARN_ENUM_CONVERSION = YES;
				CLANG_WARN_INFINITE_RECURSION = YES;
				CLANG_WARN_INT_CONVERSION = YES;
				CLANG_WARN_NON_LITERAL_NULL_CONVERSION = YES;
				CLANG_WARN_OBJC_IMPLICIT_RETAIN_SELF = YES;
				CLANG_WARN_OBJC_LITERAL_CONVERSION = YES;
				CLANG_WARN_OBJC_ROOT_CLASS = YES_ERROR;
				CLANG_WARN_QUOTED_INCLUDE_IN_FRAMEWORK_HEADER = YES;
				CLANG_WARN_RANGE_LOOP_ANALYSIS = YES;
				CLANG_WARN_STRICT_PROTOTYPES = YES;
				CLANG_WARN_SUSPICIOUS_MOVE = YES;
				CLANG_WARN_UNGUARDED_AVAILABILITY = YES_AGGRESSIVE;
				CLANG_WARN_UNREACHABLE_CODE = YES;
				CLANG_WARN__DUPLICATE_METHOD_MATCH = YES;
				COPY_PHASE_STRIP = NO;
				DEBUG_INFORMATION_FORMAT = dwarf;
				ENABLE_STRICT_OBJC_MSGSEND = YES;
				ENABLE_TESTABILITY = YES;
				GCC_C_LANGUAGE_STANDARD = gnu11;
				GCC_DYNAMIC_NO_PIC = NO;
				GCC_NO_COMMON_BLOCKS = YES;
				GCC_OPTIMIZATION_LEVEL = 0;
				GCC_PREPROCESSOR_DEFINITIONS = (
					"DEBUG=1",
					"$(inherited)",
				);
				GCC_WARN_64_TO_32_BIT_CONVERSION = YES;
				GCC_WARN_ABOUT_RETURN_TYPE = YES_ERROR;
				GCC_WARN_UNDECLARED_SELECTOR = YES;
				GCC_WARN_UNINITIALIZED_AUTOS = YES_AGGRESSIVE;
				GCC_WARN_UNUSED_FUNCTION = YES;
				GCC_WARN_UNUSED_VARIABLE = YES;
				IPHONEOS_DEPLOYMENT_TARGET = 16.2;
				MTL_ENABLE_DEBUG_INFO = INCLUDE_SOURCE;
				MTL_FAST_MATH = YES;
				ONLY_ACTIVE_ARCH = YES;
				SDKROOT = iphoneos;
				SWIFT_ACTIVE_COMPILATION_CONDITIONS = DEBUG;
				SWIFT_OPTIMIZATION_LEVEL = "-Onone";
			};
			name = Debug;
		};
		AC20C77429A6583000120F0F /* Release */ = {
			isa = XCBuildConfiguration;
			buildSettings = {
				ALWAYS_SEARCH_USER_PATHS = NO;
				CLANG_ANALYZER_NONNULL = YES;
				CLANG_ANALYZER_NUMBER_OBJECT_CONVERSION = YES_AGGRESSIVE;
				CLANG_CXX_LANGUAGE_STANDARD = "gnu++20";
				CLANG_ENABLE_MODULES = YES;
				CLANG_ENABLE_OBJC_ARC = YES;
				CLANG_ENABLE_OBJC_WEAK = YES;
				CLANG_WARN_BLOCK_CAPTURE_AUTORELEASING = YES;
				CLANG_WARN_BOOL_CONVERSION = YES;
				CLANG_WARN_COMMA = YES;
				CLANG_WARN_CONSTANT_CONVERSION = YES;
				CLANG_WARN_DEPRECATED_OBJC_IMPLEMENTATIONS = YES;
				CLANG_WARN_DIRECT_OBJC_ISA_USAGE = YES_ERROR;
				CLANG_WARN_DOCUMENTATION_COMMENTS = YES;
				CLANG_WARN_EMPTY_BODY = YES;
				CLANG_WARN_ENUM_CONVERSION = YES;
				CLANG_WARN_INFINITE_RECURSION = YES;
				CLANG_WARN_INT_CONVERSION = YES;
				CLANG_WARN_NON_LITERAL_NULL_CONVERSION = YES;
				CLANG_WARN_OBJC_IMPLICIT_RETAIN_SELF = YES;
				CLANG_WARN_OBJC_LITERAL_CONVERSION = YES;
				CLANG_WARN_OBJC_ROOT_CLASS = YES_ERROR;
				CLANG_WARN_QUOTED_INCLUDE_IN_FRAMEWORK_HEADER = YES;
				CLANG_WARN_RANGE_LOOP_ANALYSIS = YES;
				CLANG_WARN_STRICT_PROTOTYPES = YES;
				CLANG_WARN_SUSPICIOUS_MOVE = YES;
				CLANG_WARN_UNGUARDED_AVAILABILITY = YES_AGGRESSIVE;
				CLANG_WARN_UNREACHABLE_CODE = YES;
				CLANG_WARN__DUPLICATE_METHOD_MATCH = YES;
				COPY_PHASE_STRIP = NO;
				DEBUG_INFORMATION_FORMAT = "dwarf-with-dsym";
				ENABLE_NS_ASSERTIONS = NO;
				ENABLE_STRICT_OBJC_MSGSEND = YES;
				GCC_C_LANGUAGE_STANDARD = gnu11;
				GCC_NO_COMMON_BLOCKS = YES;
				GCC_WARN_64_TO_32_BIT_CONVERSION = YES;
				GCC_WARN_ABOUT_RETURN_TYPE = YES_ERROR;
				GCC_WARN_UNDECLARED_SELECTOR = YES;
				GCC_WARN_UNINITIALIZED_AUTOS = YES_AGGRESSIVE;
				GCC_WARN_UNUSED_FUNCTION = YES;
				GCC_WARN_UNUSED_VARIABLE = YES;
				IPHONEOS_DEPLOYMENT_TARGET = 16.2;
				MTL_ENABLE_DEBUG_INFO = NO;
				MTL_FAST_MATH = YES;
				SDKROOT = iphoneos;
				SWIFT_COMPILATION_MODE = wholemodule;
				SWIFT_OPTIMIZATION_LEVEL = "-O";
				VALIDATE_PRODUCT = YES;
			};
			name = Release;
		};
		AC20C77629A6583000120F0F /* Debug */ = {
			isa = XCBuildConfiguration;
			buildSettings = {
				ASSETCATALOG_COMPILER_APPICON_NAME = AppIcon;
				ASSETCATALOG_COMPILER_GLOBAL_ACCENT_COLOR_NAME = AccentColor;
				CODE_SIGN_STYLE = Automatic;
				CURRENT_PROJECT_VERSION = 1;
				GENERATE_INFOPLIST_FILE = YES;
				INFOPLIST_FILE = Todo/Info.plist;
				INFOPLIST_KEY_UIApplicationSupportsIndirectInputEvents = YES;
				INFOPLIST_KEY_UILaunchStoryboardName = LaunchScreen;
				INFOPLIST_KEY_UIMainStoryboardFile = Main;
				INFOPLIST_KEY_UISupportedInterfaceOrientations_iPad = "UIInterfaceOrientationPortrait UIInterfaceOrientationPortraitUpsideDown UIInterfaceOrientationLandscapeLeft UIInterfaceOrientationLandscapeRight";
				INFOPLIST_KEY_UISupportedInterfaceOrientations_iPhone = "UIInterfaceOrientationPortrait UIInterfaceOrientationLandscapeLeft UIInterfaceOrientationLandscapeRight";
				LD_RUNPATH_SEARCH_PATHS = (
					"$(inherited)",
					"@executable_path/Frameworks",
				);
				MARKETING_VERSION = 1.0;
				PRODUCT_BUNDLE_IDENTIFIER = app.arai.rasukaru.Todo;
				PRODUCT_NAME = "$(TARGET_NAME)";
				SWIFT_EMIT_LOC_STRINGS = YES;
				SWIFT_VERSION = 5.0;
				TARGETED_DEVICE_FAMILY = "1,2";
			};
			name = Debug;
		};
		AC20C77729A6583000120F0F /* Release */ = {
			isa = XCBuildConfiguration;
			buildSettings = {
				ASSETCATALOG_COMPILER_APPICON_NAME = AppIcon;
				ASSETCATALOG_COMPILER_GLOBAL_ACCENT_COLOR_NAME = AccentColor;
				CODE_SIGN_STYLE = Automatic;
				CURRENT_PROJECT_VERSION = 1;
				GENERATE_INFOPLIST_FILE = YES;
				INFOPLIST_FILE = Todo/Info.plist;
				INFOPLIST_KEY_UIApplicationSupportsIndirectInputEvents = YES;
				INFOPLIST_KEY_UILaunchStoryboardName = LaunchScreen;
				INFOPLIST_KEY_UIMainStoryboardFile = Main;
				INFOPLIST_KEY_UISupportedInterfaceOrientations_iPad = "UIInterfaceOrientationPortrait UIInterfaceOrientationPortraitUpsideDown UIInterfaceOrientationLandscapeLeft UIInterfaceOrientationLandscapeRight";
				INFOPLIST_KEY_UISupportedInterfaceOrientations_iPhone = "UIInterfaceOrientationPortrait UIInterfaceOrientationLandscapeLeft UIInterfaceOrientationLandscapeRight";
				LD_RUNPATH_SEARCH_PATHS = (
					"$(inherited)",
					"@executable_path/Frameworks",
				);
				MARKETING_VERSION = 1.0;
				PRODUCT_BUNDLE_IDENTIFIER = app.arai.rasukaru.Todo;
				PRODUCT_NAME = "$(TARGET_NAME)";
				SWIFT_EMIT_LOC_STRINGS = YES;
				SWIFT_VERSION = 5.0;
				TARGETED_DEVICE_FAMILY = "1,2";
			};
			name = Release;
		};
/* End XCBuildConfiguration section */

/* Begin XCConfigurationList section */
		AC20C75C29A6582E00120F0F /* Build configuration list for PBXProject "Todo" */ = {
			isa = XCConfigurationList;
			buildConfigurations = (
				AC20C77329A6583000120F0F /* Debug */,
				AC20C77429A6583000120F0F /* Release */,
			);
			defaultConfigurationIsVisible = 0;
			defaultConfigurationName = Release;
		};
		AC20C77529A6583000120F0F /* Build configuration list for PBXNativeTarget "Todo" */ = {
			isa = XCConfigurationList;
			buildConfigurations = (
				AC20C77629A6583000120F0F /* Debug */,
				AC20C77729A6583000120F0F /* Release */,
			);
			defaultConfigurationIsVisible = 0;
			defaultConfigurationName = Release;
		};
/* End XCConfigurationList section */

/* Begin XCRemoteSwiftPackageReference section */
		AC20C77829A658D300120F0F /* XCRemoteSwiftPackageReference "realm-swift" */ = {
			isa = XCRemoteSwiftPackageReference;
			repositoryURL = "https://github.com/realm/realm-swift";
			requirement = {
				branch = master;
				kind = branch;
			};
		};
/* End XCRemoteSwiftPackageReference section */

/* Begin XCSwiftPackageProductDependency section */
		AC20C77929A658D300120F0F /* Realm */ = {
			isa = XCSwiftPackageProductDependency;
			package = AC20C77829A658D300120F0F /* XCRemoteSwiftPackageReference "realm-swift" */;
			productName = Realm;
		};
		AC20C77B29A658D300120F0F /* RealmSwift */ = {
			isa = XCSwiftPackageProductDependency;
			package = AC20C77829A658D300120F0F /* XCRemoteSwiftPackageReference "realm-swift" */;
			productName = RealmSwift;
		};
/* End XCSwiftPackageProductDependency section */
	};
	rootObject = AC20C75929A6582E00120F0F /* Project object */;
}
